PODS:
  - Alamofire (2.0.2)
  - AlamofireObjectMapper (1.0):
    - Alamofire (~> 2.0.0)
    - ObjectMapper (= 0.17)
  - ObjectMapper (0.17)
  - Realm (0.95.1):
    - Realm/Headers (= 0.95.1)
  - Realm/Headers (0.95.1)
  - RealmSwift (0.95.1):
    - Realm (= 0.95.1)
  - SwiftyJSON (2.3.0)

DEPENDENCIES:
  - Alamofire
  - AlamofireObjectMapper
  - RealmSwift
  - SwiftyJSON

SPEC CHECKSUMS:
  Alamofire: 8edbab00802a752bb5240cc2abe70e7e881488ad
  AlamofireObjectMapper: 4f9d766a4742bb69258921723bafc260849f216c
  ObjectMapper: fa286b7cb5a398f1b0d8d64d0dd33fd1b307022c
  Realm: f6de6065c69ef504b80dd920b63af56e8337ff74
  RealmSwift: f9f157edc8241948526c6de8988e377c49295547
  SwiftyJSON: 8d6b61a70277ef2a5d710d372e06e7e2d87fb9e4

COCOAPODS: 0.38.2
